
Microsoft Visual Studio Solution File, Format Version 12.00
# Visual Studio Version 16
VisualStudioVersion = 16.0.33027.164
MinimumVisualStudioVersion = 10.0.40219.1
Project("{FAE04EC0-301F-11D3-BF4B-00C04F79EFBC}") = "CurrencyConverter", "CurrencyConverter\CurrencyConverter.csproj", "{32CD839E-6F3A-4842-BB1A-57AEBB3F0A17}"
EndProject
Global
	GlobalSection(SolutionConfigurationPlatforms) = preSolution
		Debug|Any CPU = Debug|Any CPU
		Release|Any CPU = Release|Any CPU
	EndGlobalSection
	GlobalSection(ProjectConfigurationPlatforms) = postSolution
		{32CD839E-6F3A-4842-BB1A-57AEBB3F0A17}.Debug|Any CPU.ActiveCfg = Debug|Any CPU
		{32CD839E-6F3A-4842-BB1A-57AEBB3F0A17}.Debug|Any CPU.Build.0 = Debug|Any CPU
		{32CD839E-6F3A-4842-BB1A-57AEBB3F0A17}.Release|Any CPU.ActiveCfg = Release|Any CPU
		{32CD839E-6F3A-4842-BB1A-57AEBB3F0A17}.Release|Any CPU.Build.0 = Release|Any CPU
	EndGlobalSection
	GlobalSection(SolutionProperties) = preSolution
		HideSolutionNode = FALSE
	EndGlobalSection
	GlobalSection(ExtensibilityGlobals) = postSolution
		SolutionGuid = {2B6FEB2D-63F3-40A8-8459-654F38EC8DF9}
	EndGlobalSection
EndGlobal
